
Microsoft Visual Studio Solution File, Format Version 12.00
# Visual Studio Version 16
VisualStudioVersion = 16.0.30204.135
MinimumVisualStudioVersion = 10.0.40219.1
Project("{9A19103F-16F7-4668-BE54-9A1E7A4F7556}") = "CEC.Routing", "CEC.Routing\CEC.Routing.csproj", "{ECF14F34-7ACB-4AA9-8A57-64C14A8FC63D}"
EndProject
Project("{9A19103F-16F7-4668-BE54-9A1E7A4F7556}") = "CEC.RoutingSample", "CEC.RoutingSample\CEC.RoutingSample.csproj", "{AA232CE0-F5CC-43C3-8A2A-7D550D9BAAB7}"
EndProject
Project("{2150E333-8FDC-42A3-9474-1A3956D46DE8}") = "Solution Items", "Solution Items", "{89516D9C-E674-4409-AE2F-A06B37CC7CD3}"
	ProjectSection(SolutionItems) = preProject
		Readme.md = Readme.md
	EndProjectSection
EndProject
Global
	GlobalSection(SolutionConfigurationPlatforms) = preSolution
		Debug|Any CPU = Debug|Any CPU
		Release|Any CPU = Release|Any CPU
	EndGlobalSection
	GlobalSection(ProjectConfigurationPlatforms) = postSolution
		{ECF14F34-7ACB-4AA9-8A57-64C14A8FC63D}.Debug|Any CPU.ActiveCfg = Debug|Any CPU
		{ECF14F34-7ACB-4AA9-8A57-64C14A8FC63D}.Debug|Any CPU.Build.0 = Debug|Any CPU
		{ECF14F34-7ACB-4AA9-8A57-64C14A8FC63D}.Release|Any CPU.ActiveCfg = Release|Any CPU
		{ECF14F34-7ACB-4AA9-8A57-64C14A8FC63D}.Release|Any CPU.Build.0 = Release|Any CPU
		{AA232CE0-F5CC-43C3-8A2A-7D550D9BAAB7}.Debug|Any CPU.ActiveCfg = Debug|Any CPU
		{AA232CE0-F5CC-43C3-8A2A-7D550D9BAAB7}.Debug|Any CPU.Build.0 = Debug|Any CPU
		{AA232CE0-F5CC-43C3-8A2A-7D550D9BAAB7}.Release|Any CPU.ActiveCfg = Release|Any CPU
		{AA232CE0-F5CC-43C3-8A2A-7D550D9BAAB7}.Release|Any CPU.Build.0 = Release|Any CPU
	EndGlobalSection
	GlobalSection(SolutionProperties) = preSolution
		HideSolutionNode = FALSE
	EndGlobalSection
	GlobalSection(ExtensibilityGlobals) = postSolution
		SolutionGuid = {616E6AE5-3465-48E1-972E-C753C88299D8}
	EndGlobalSection
EndGlobal
